
Microsoft Visual Studio Solution File, Format Version 12.00
# Visual Studio 15
VisualStudioVersion = 15.0.27130.2036
MinimumVisualStudioVersion = 10.0.40219.1
Project("{FAE04EC0-301F-11D3-BF4B-00C04F79EFBC}") = "OpenXMLExample", "OpenXMLExample\OpenXMLExample.csproj", "{B7BC4D59-8D4D-497A-A723-32D17AFCE37B}"
EndProject
Global
	GlobalSection(SolutionConfigurationPlatforms) = preSolution
		Debug|Any CPU = Debug|Any CPU
		Release|Any CPU = Release|Any CPU
	EndGlobalSection
	GlobalSection(ProjectConfigurationPlatforms) = postSolution
		{B7BC4D59-8D4D-497A-A723-32D17AFCE37B}.Debug|Any CPU.ActiveCfg = Debug|Any CPU
		{B7BC4D59-8D4D-497A-A723-32D17AFCE37B}.Debug|Any CPU.Build.0 = Debug|Any CPU
		{B7BC4D59-8D4D-497A-A723-32D17AFCE37B}.Release|Any CPU.ActiveCfg = Release|Any CPU
		{B7BC4D59-8D4D-497A-A723-32D17AFCE37B}.Release|Any CPU.Build.0 = Release|Any CPU
	EndGlobalSection
	GlobalSection(SolutionProperties) = preSolution
		HideSolutionNode = FALSE
	EndGlobalSection
	GlobalSection(ExtensibilityGlobals) = postSolution
		SolutionGuid = {65B1D688-6DA4-41A2-AF27-3BAB5688B04E}
	EndGlobalSection
EndGlobal
